
Microsoft Visual Studio Solution File, Format Version 12.00
# Visual Studio Version 17
VisualStudioVersion = 17.0.32112.339
MinimumVisualStudioVersion = 10.0.40219.1
Project("{9A19103F-16F7-4668-BE54-9A1E7A4F7556}") = "Tests.ExceptionReporter.Net", "src\Tests\Tests.ExceptionReporter.Net.csproj", "{565583C0-0162-4973-962B-7C3F6EE1A4B0}"
EndProject
Project("{9A19103F-16F7-4668-BE54-9A1E7A4F7556}") = "ExceptionReporter.WPF", "src\ExceptionReporter.WPF\ExceptionReporter.WPF.csproj", "{EF418EF6-D1DB-4CB0-9E77-AFC5D7C64AED}"
EndProject
Project("{9A19103F-16F7-4668-BE54-9A1E7A4F7556}") = "Demo.WPF", "src\Demos\WPF\Demo.WPF.csproj", "{B2D1A579-07FA-4C8E-90C5-A75790A3FB0E}"
EndProject
Project("{FAE04EC0-301F-11D3-BF4B-00C04F79EFBC}") = "ExceptionReporter.Shared", "src\ExceptionReporter.Shared\ExceptionReporter.Shared.csproj", "{D45C8CA0-DAC5-4CB0-A66E-9E1DC4356E5C}"
EndProject
Project("{9A19103F-16F7-4668-BE54-9A1E7A4F7556}") = "ExceptionReporter.WinForms", "src\ExceptionReporter.WinForms\ExceptionReporter.WinForms.csproj", "{6CB59E0F-43D0-44F9-85DB-8E22F1FC695D}"
EndProject
Project("{9A19103F-16F7-4668-BE54-9A1E7A4F7556}") = "Demo.WinForms", "src\Demos\WinForms\Demo.WinForms.csproj", "{3143BDE4-5026-46D1-9CD1-5F1D90AB9D62}"
EndProject
Global
	GlobalSection(SolutionConfigurationPlatforms) = preSolution
		Debug|Any CPU = Debug|Any CPU
		Release|Any CPU = Release|Any CPU
	EndGlobalSection
	GlobalSection(ProjectConfigurationPlatforms) = postSolution
		{565583C0-0162-4973-962B-7C3F6EE1A4B0}.Debug|Any CPU.ActiveCfg = Debug|Any CPU
		{565583C0-0162-4973-962B-7C3F6EE1A4B0}.Debug|Any CPU.Build.0 = Debug|Any CPU
		{565583C0-0162-4973-962B-7C3F6EE1A4B0}.Release|Any CPU.ActiveCfg = Release|Any CPU
		{565583C0-0162-4973-962B-7C3F6EE1A4B0}.Release|Any CPU.Build.0 = Release|Any CPU
		{EF418EF6-D1DB-4CB0-9E77-AFC5D7C64AED}.Debug|Any CPU.ActiveCfg = Debug|Any CPU
		{EF418EF6-D1DB-4CB0-9E77-AFC5D7C64AED}.Debug|Any CPU.Build.0 = Debug|Any CPU
		{EF418EF6-D1DB-4CB0-9E77-AFC5D7C64AED}.Release|Any CPU.ActiveCfg = Release|Any CPU
		{EF418EF6-D1DB-4CB0-9E77-AFC5D7C64AED}.Release|Any CPU.Build.0 = Release|Any CPU
		{B2D1A579-07FA-4C8E-90C5-A75790A3FB0E}.Debug|Any CPU.ActiveCfg = Debug|Any CPU
		{B2D1A579-07FA-4C8E-90C5-A75790A3FB0E}.Debug|Any CPU.Build.0 = Debug|Any CPU
		{B2D1A579-07FA-4C8E-90C5-A75790A3FB0E}.Release|Any CPU.ActiveCfg = Release|Any CPU
		{B2D1A579-07FA-4C8E-90C5-A75790A3FB0E}.Release|Any CPU.Build.0 = Release|Any CPU
		{D45C8CA0-DAC5-4CB0-A66E-9E1DC4356E5C}.Debug|Any CPU.ActiveCfg = Debug|Any CPU
		{D45C8CA0-DAC5-4CB0-A66E-9E1DC4356E5C}.Debug|Any CPU.Build.0 = Debug|Any CPU
		{D45C8CA0-DAC5-4CB0-A66E-9E1DC4356E5C}.Release|Any CPU.ActiveCfg = Release|Any CPU
		{D45C8CA0-DAC5-4CB0-A66E-9E1DC4356E5C}.Release|Any CPU.Build.0 = Release|Any CPU
		{6CB59E0F-43D0-44F9-85DB-8E22F1FC695D}.Debug|Any CPU.ActiveCfg = Debug|Any CPU
		{6CB59E0F-43D0-44F9-85DB-8E22F1FC695D}.Debug|Any CPU.Build.0 = Debug|Any CPU
		{6CB59E0F-43D0-44F9-85DB-8E22F1FC695D}.Release|Any CPU.ActiveCfg = Release|Any CPU
		{6CB59E0F-43D0-44F9-85DB-8E22F1FC695D}.Release|Any CPU.Build.0 = Release|Any CPU
		{3143BDE4-5026-46D1-9CD1-5F1D90AB9D62}.Debug|Any CPU.ActiveCfg = Debug|Any CPU
		{3143BDE4-5026-46D1-9CD1-5F1D90AB9D62}.Debug|Any CPU.Build.0 = Debug|Any CPU
		{3143BDE4-5026-46D1-9CD1-5F1D90AB9D62}.Release|Any CPU.ActiveCfg = Release|Any CPU
		{3143BDE4-5026-46D1-9CD1-5F1D90AB9D62}.Release|Any CPU.Build.0 = Release|Any CPU
	EndGlobalSection
	GlobalSection(SolutionProperties) = preSolution
		HideSolutionNode = FALSE
	EndGlobalSection
	GlobalSection(ExtensibilityGlobals) = postSolution
		SolutionGuid = {7B8D1DC6-43DA-4989-8657-3CE3031400CD}
	EndGlobalSection
	GlobalSection(MonoDevelopProperties) = preSolution
		description = "@ExceptionReporter is a .NET component that gathers detailed information on an Exception and the application/system running it. \nIt allows the user to copy, save or email a report to the developer "
		version = 4.0.3
	EndGlobalSection
EndGlobal
